Microsoft Visual Studio Solution File, Format Version 12.00
# Visual Studio Version 17
VisualStudioVersion = 17.5.2.0
MinimumVisualStudioVersion = 10.0.40219.1
Project("{FAE04EC0-301F-11D3-BF4B-00C04F79EFBC}") = "Marimon", "Marimon.csproj", "{5A94D736-4834-D1DF-117A-A5C948DB158D}"
EndProject
Global
	GlobalSection(SolutionConfigurationPlatforms) = preSolution
		Debug|Any CPU = Debug|Any CPU
		Release|Any CPU = Release|Any CPU
	EndGlobalSection
	GlobalSection(ProjectConfigurationPlatforms) = postSolution
		{5A94D736-4834-D1DF-117A-A5C948DB158D}.Debug|Any CPU.ActiveCfg = Debug|Any CPU
		{5A94D736-4834-D1DF-117A-A5C948DB158D}.Debug|Any CPU.Build.0 = Debug|Any CPU
		{5A94D736-4834-D1DF-117A-A5C948DB158D}.Release|Any CPU.ActiveCfg = Release|Any CPU
		{5A94D736-4834-D1DF-117A-A5C948DB158D}.Release|Any CPU.Build.0 = Release|Any CPU
	EndGlobalSection
	GlobalSection(SolutionProperties) = preSolution
		HideSolutionNode = FALSE
	EndGlobalSection
	GlobalSection(ExtensibilityGlobals) = postSolution
		SolutionGuid = {85A44BD9-0CBE-4F1A-A56F-9EAAFF5AC33C}
	EndGlobalSection
EndGlobal
